{
  "version": 4,
  "terraform_version": "0.14.6",
  "serial": 27,
  "lineage": "351b87a2-2652-6a02-fe2f-d03aded02340",
  "outputs": {},
  "resources": [
    {
      "mode": "data",
      "type": "archive_file",
      "name": "govtech",
      "provider": "provider[\"registry.terraform.io/hashicorp/archive\"]",
      "instances": [
        {
          "schema_version": 0,
          "attributes": {
            "excludes": null,
            "id": "ce636ae81386bd30df63dee80f153ec95e646d99",
            "output_base64sha256": "6+G0+/oxgkCHJJ0YnfPCcuZEif+JH/HDkcyii82430k=",
            "output_md5": "4f4631ba3094a8c5c3c65b21d05df968",
            "output_path": "lambda_function.zip",
            "output_sha": "ce636ae81386bd30df63dee80f153ec95e646d99",
            "output_size": 404,
            "source": [],
            "source_content": null,
            "source_content_filename": null,
            "source_dir": null,
            "source_file": "index.py",
            "type": "zip"
          },
          "sensitive_attributes": []
        }
      ]
    },
    {
      "mode": "data",
      "type": "aws_iam_policy",
      "name": "govtech",
      "provider": "provider[\"registry.terraform.io/hashicorp/aws\"]",
      "instances": [
        {
          "schema_version": 0,
          "attributes": {
            "arn": "arn:aws:iam::aws:policy/service-role/AWSLambdaVPCAccessExecutionRole",
            "description": "Provides minimum permissions for a Lambda function to execute while accessing a resource within a VPC - create, describe, delete network interfaces and write permissions to CloudWatch Logs. ",
            "id": "arn:aws:iam::aws:policy/service-role/AWSLambdaVPCAccessExecutionRole",
            "name": "AWSLambdaVPCAccessExecutionRole",
            "path": "/service-role/",
            "policy": "{\n  \"Version\": \"2012-10-17\",\n  \"Statement\": [\n    {\n      \"Effect\": \"Allow\",\n      \"Action\": [\n        \"logs:CreateLogGroup\",\n        \"logs:CreateLogStream\",\n        \"logs:PutLogEvents\",\n        \"ec2:CreateNetworkInterface\",\n        \"ec2:DescribeNetworkInterfaces\",\n        \"ec2:DeleteNetworkInterface\",\n        \"ec2:AssignPrivateIpAddresses\",\n        \"ec2:UnassignPrivateIpAddresses\"\n      ],\n      \"Resource\": \"*\"\n    }\n  ]\n}"
          },
          "sensitive_attributes": []
        }
      ]
    },
    {
      "mode": "managed",
      "type": "aws_default_security_group",
      "name": "default",
      "provider": "provider[\"registry.terraform.io/hashicorp/aws\"]",
      "instances": [
        {
          "schema_version": 1,
          "attributes": {
            "arn": "arn:aws:ec2:us-west-2:593038997554:security-group/sg-248b4c02",
            "description": "default VPC security group",
            "egress": [],
            "id": "sg-248b4c02",
            "ingress": [],
            "name": "default",
            "owner_id": "593038997554",
            "revoke_rules_on_delete": false,
            "tags": {},
            "vpc_id": "vpc-2c772f54"
          },
          "sensitive_attributes": [],
          "private": "eyJzY2hlbWFfdmVyc2lvbiI6IjEifQ=="
        }
      ]
    },
    {
      "mode": "managed",
      "type": "aws_default_subnet",
      "name": "default_az1",
      "provider": "provider[\"registry.terraform.io/hashicorp/aws\"]",
      "instances": [
        {
          "schema_version": 1,
          "attributes": {
            "arn": "arn:aws:ec2:us-west-2:593038997554:subnet/subnet-a45c8bee",
            "assign_ipv6_address_on_creation": false,
            "availability_zone": "us-west-2a",
            "availability_zone_id": "usw2-az2",
            "cidr_block": "172.31.32.0/20",
            "id": "subnet-a45c8bee",
            "ipv6_cidr_block": "",
            "ipv6_cidr_block_association_id": "",
            "map_public_ip_on_launch": true,
            "outpost_arn": "",
            "owner_id": "593038997554",
            "tags": {},
            "timeouts": null,
            "vpc_id": "vpc-2c772f54"
          },
          "sensitive_attributes": [],
          "private": "eyJlMmJmYjczMC1lY2FhLTExZTYtOGY4OC0zNDM2M2JjN2M0YzAiOnsiY3JlYXRlIjo2MDAwMDAwMDAwMDAsImRlbGV0ZSI6MTIwMDAwMDAwMDAwMH0sInNjaGVtYV92ZXJzaW9uIjoiMSJ9"
        }
      ]
    },
    {
      "mode": "managed",
      "type": "aws_default_subnet",
      "name": "default_az2",
      "provider": "provider[\"registry.terraform.io/hashicorp/aws\"]",
      "instances": [
        {
          "schema_version": 1,
          "attributes": {
            "arn": "arn:aws:ec2:us-west-2:593038997554:subnet/subnet-3cb50044",
            "assign_ipv6_address_on_creation": false,
            "availability_zone": "us-west-2b",
            "availability_zone_id": "usw2-az1",
            "cidr_block": "172.31.16.0/20",
            "id": "subnet-3cb50044",
            "ipv6_cidr_block": "",
            "ipv6_cidr_block_association_id": "",
            "map_public_ip_on_launch": true,
            "outpost_arn": "",
            "owner_id": "593038997554",
            "tags": {},
            "timeouts": null,
            "vpc_id": "vpc-2c772f54"
          },
          "sensitive_attributes": [],
          "private": "eyJlMmJmYjczMC1lY2FhLTExZTYtOGY4OC0zNDM2M2JjN2M0YzAiOnsiY3JlYXRlIjo2MDAwMDAwMDAwMDAsImRlbGV0ZSI6MTIwMDAwMDAwMDAwMH0sInNjaGVtYV92ZXJzaW9uIjoiMSJ9"
        }
      ]
    },
    {
      "mode": "managed",
      "type": "aws_default_vpc",
      "name": "default",
      "provider": "provider[\"registry.terraform.io/hashicorp/aws\"]",
      "instances": [
        {
          "schema_version": 1,
          "attributes": {
            "arn": "arn:aws:ec2:us-west-2:593038997554:vpc/vpc-2c772f54",
            "assign_generated_ipv6_cidr_block": false,
            "cidr_block": "172.31.0.0/16",
            "default_network_acl_id": "acl-734fff08",
            "default_route_table_id": "rtb-f567628e",
            "default_security_group_id": "sg-248b4c02",
            "dhcp_options_id": "dopt-786d3c00",
            "enable_classiclink": false,
            "enable_classiclink_dns_support": false,
            "enable_dns_hostnames": true,
            "enable_dns_support": true,
            "id": "vpc-2c772f54",
            "instance_tenancy": "default",
            "ipv6_association_id": "",
            "ipv6_cidr_block": "",
            "main_route_table_id": "rtb-f567628e",
            "owner_id": "593038997554",
            "tags": {}
          },
          "sensitive_attributes": [],
          "private": "eyJzY2hlbWFfdmVyc2lvbiI6IjEifQ=="
        }
      ]
    },
    {
      "mode": "managed",
      "type": "aws_iam_role",
      "name": "govtech",
      "provider": "provider[\"registry.terraform.io/hashicorp/aws\"]",
      "instances": [
        {
          "schema_version": 0,
          "attributes": {
            "arn": "arn:aws:iam::593038997554:role/govtech_lambda_role",
            "assume_role_policy": "{\"Version\":\"2012-10-17\",\"Statement\":[{\"Sid\":\"\",\"Effect\":\"Allow\",\"Principal\":{\"Service\":\"lambda.amazonaws.com\"},\"Action\":\"sts:AssumeRole\"}]}",
            "create_date": "2021-03-02T14:40:47Z",
            "description": "",
            "force_detach_policies": false,
            "id": "govtech_lambda_role",
            "max_session_duration": 3600,
            "name": "govtech_lambda_role",
            "name_prefix": null,
            "path": "/",
            "permissions_boundary": null,
            "tags": {
              "Terraform": "true"
            },
            "unique_id": "AROAYUE7A7AZIJOWKVYWN"
          },
          "sensitive_attributes": [],
          "private": "bnVsbA=="
        }
      ]
    },
    {
      "mode": "managed",
      "type": "aws_iam_role_policy_attachment",
      "name": "govtech",
      "provider": "provider[\"registry.terraform.io/hashicorp/aws\"]",
      "instances": [
        {
          "schema_version": 0,
          "attributes": {
            "id": "govtech_lambda_role-20210302155034900000000001",
            "policy_arn": "arn:aws:iam::aws:policy/service-role/AWSLambdaVPCAccessExecutionRole",
            "role": "govtech_lambda_role"
          },
          "sensitive_attributes": [],
          "private": "bnVsbA==",
          "dependencies": [
            "aws_iam_role.govtech",
            "data.aws_iam_policy.govtech"
          ]
        }
      ]
    },
    {
      "mode": "managed",
      "type": "aws_lambda_function",
      "name": "govtech",
      "provider": "provider[\"registry.terraform.io/hashicorp/aws\"]",
      "instances": [
        {
          "schema_version": 0,
          "attributes": {
            "arn": "arn:aws:lambda:us-west-2:593038997554:function:govtech_lambda",
            "code_signing_config_arn": "",
            "dead_letter_config": [],
            "description": "",
            "environment": [],
            "file_system_config": [],
            "filename": "lambda_function.zip",
            "function_name": "govtech_lambda",
            "handler": "index.handler",
            "id": "govtech_lambda",
            "image_config": [],
            "image_uri": "",
            "invoke_arn": "arn:aws:apigateway:us-west-2:lambda:path/2015-03-31/functions/arn:aws:lambda:us-west-2:593038997554:function:govtech_lambda/invocations",
            "kms_key_arn": "",
            "last_modified": "2021-03-02T16:09:33.630+0000",
            "layers": [],
            "memory_size": 128,
            "package_type": "Zip",
            "publish": false,
            "qualified_arn": "arn:aws:lambda:us-west-2:593038997554:function:govtech_lambda:$LATEST",
            "reserved_concurrent_executions": -1,
            "role": "arn:aws:iam::593038997554:role/govtech_lambda_role",
            "runtime": "python3.8",
            "s3_bucket": null,
            "s3_key": null,
            "s3_object_version": null,
            "signing_job_arn": "",
            "signing_profile_version_arn": "",
            "source_code_hash": "6+G0+/oxgkCHJJ0YnfPCcuZEif+JH/HDkcyii82430k=",
            "source_code_size": 404,
            "tags": {
              "Terraform": "true"
            },
            "timeout": 30,
            "timeouts": null,
            "tracing_config": [
              {
                "mode": "PassThrough"
              }
            ],
            "version": "$LATEST",
            "vpc_config": [
              {
                "security_group_ids": [
                  "sg-248b4c02"
                ],
                "subnet_ids": [
                  "subnet-3cb50044",
                  "subnet-a45c8bee"
                ],
                "vpc_id": "vpc-2c772f54"
              }
            ]
          },
          "sensitive_attributes": [],
          "private": "eyJlMmJmYjczMC1lY2FhLTExZTYtOGY4OC0zNDM2M2JjN2M0YzAiOnsiY3JlYXRlIjo2MDAwMDAwMDAwMDB9fQ==",
          "dependencies": [
            "aws_default_security_group.default",
            "aws_default_subnet.default_az1",
            "aws_default_subnet.default_az2",
            "aws_iam_role.govtech",
            "data.archive_file.govtech"
          ]
        }
      ]
    }
  ]
}
